
Microsoft Visual Studio Solution File, Format Version 12.00
# Visual Studio 14
VisualStudioVersion = 14.0.25420.1
MinimumVisualStudioVersion = 10.0.40219.1
Project("{FAE04EC0-301F-11D3-BF4B-00C04F79EFBC}") = "FolderWatcherService", "FolderWatcherService\FolderWatcherService.csproj", "{765C588F-EBAF-47A0-8964-CC1C166CD518}"
EndProject
Project("{FAE04EC0-301F-11D3-BF4B-00C04F79EFBC}") = "FolderWatcherService.Interfaces", "FolderWatcherService.Interfaces\FolderWatcherService.Interfaces.csproj", "{477FB540-48AA-4EEB-81CB-39C676395E7F}"
EndProject
Project("{FAE04EC0-301F-11D3-BF4B-00C04F79EFBC}") = "FolderWatcherService.CUI", "FolderWatcherService.CUI\FolderWatcherService.CUI.csproj", "{44F1A0E0-2789-41D5-A28C-7E403DA396C2}"
EndProject
Global
	GlobalSection(SolutionConfigurationPlatforms) = preSolution
		Debug|Any CPU = Debug|Any CPU
		Release|Any CPU = Release|Any CPU
	EndGlobalSection
	GlobalSection(ProjectConfigurationPlatforms) = postSolution
		{765C588F-EBAF-47A0-8964-CC1C166CD518}.Debug|Any CPU.ActiveCfg = Debug|Any CPU
		{765C588F-EBAF-47A0-8964-CC1C166CD518}.Debug|Any CPU.Build.0 = Debug|Any CPU
		{765C588F-EBAF-47A0-8964-CC1C166CD518}.Release|Any CPU.ActiveCfg = Release|Any CPU
		{765C588F-EBAF-47A0-8964-CC1C166CD518}.Release|Any CPU.Build.0 = Release|Any CPU
		{477FB540-48AA-4EEB-81CB-39C676395E7F}.Debug|Any CPU.ActiveCfg = Debug|Any CPU
		{477FB540-48AA-4EEB-81CB-39C676395E7F}.Debug|Any CPU.Build.0 = Debug|Any CPU
		{477FB540-48AA-4EEB-81CB-39C676395E7F}.Release|Any CPU.ActiveCfg = Release|Any CPU
		{477FB540-48AA-4EEB-81CB-39C676395E7F}.Release|Any CPU.Build.0 = Release|Any CPU
		{44F1A0E0-2789-41D5-A28C-7E403DA396C2}.Debug|Any CPU.ActiveCfg = Debug|Any CPU
		{44F1A0E0-2789-41D5-A28C-7E403DA396C2}.Debug|Any CPU.Build.0 = Debug|Any CPU
		{44F1A0E0-2789-41D5-A28C-7E403DA396C2}.Release|Any CPU.ActiveCfg = Release|Any CPU
		{44F1A0E0-2789-41D5-A28C-7E403DA396C2}.Release|Any CPU.Build.0 = Release|Any CPU
	EndGlobalSection
	GlobalSection(SolutionProperties) = preSolution
		HideSolutionNode = FALSE
	EndGlobalSection
EndGlobal
